// !$*UTF8*$!
{
	archiveVersion = 1;
	classes = {
	};
	objectVersion = 48;
	objects = {

/* Begin PBXBuildFile section */
		EF833C8B2068DA8800FB6880 /* AppDelegate.swift in Sources */ = {isa = PBXBuildFile; fileRef = EF833C8A2068DA8800FB6880 /* AppDelegate.swift */; };
		EF833C8D2068DA8800FB6880 /* ViewController.swift in Sources */ = {isa = PBXBuildFile; fileRef = EF833C8C2068DA8800FB6880 /* ViewController.swift */; };
		EF833C902068DA8800FB6880 /* Main.storyboard in Resources */ = {isa = PBXBuildFile; fileRef = EF833C8E2068DA8800FB6880 /* Main.storyboard */; };
		EF833C922068DA8800FB6880 /* Assets.xcassets in Resources */ = {isa = PBXBuildFile; fileRef = EF833C912068DA8800FB6880 /* Assets.xcassets */; };
		EF833C952068DA8800FB6880 /* LaunchScreen.storyboard in Resources */ = {isa = PBXBuildFile; fileRef = EF833C932068DA8800FB6880 /* LaunchScreen.storyboard */; };
		EF833CBA2068DF7100FB6880 /* RFMentionTextView.framework in Frameworks */ = {isa = PBXBuildFile; fileRef = EF833CB92068DF6400FB6880 /* RFMentionTextView.framework */; };
		EF833CBB2068DF7100FB6880 /* RFMentionTextView.framework in Embed Frameworks */ = {isa = PBXBuildFile; fileRef = EF833CB92068DF6400FB6880 /* RFMentionTextView.framework */; settings = {ATTRIBUTES = (CodeSignOnCopy, RemoveHeadersOnCopy, ); }; };
/* End PBXBuildFile section */

/* Begin PBXContainerItemProxy section */
		EF833CB82068DF6400FB6880 /* PBXContainerItemProxy */ = {
			isa = PBXContainerItemProxy;
			containerPortal = EF833CB42068DF6400FB6880 /* RFMentionTextView.xcodeproj */;
			proxyType = 2;
			remoteGlobalIDString = EF833C732068DA0A00FB6880;
			remoteInfo = RFMentionTextView;
		};
		EF833CBC2068DF7100FB6880 /* PBXContainerItemProxy */ = {
			isa = PBXContainerItemProxy;
			containerPortal = EF833CB42068DF6400FB6880 /* RFMentionTextView.xcodeproj */;
			proxyType = 1;
			remoteGlobalIDString = EF833C722068DA0A00FB6880;
			remoteInfo = RFMentionTextView;
		};
/* End PBXContainerItemProxy section */

/* Begin PBXCopyFilesBuildPhase section */
		EF833CA92068DAE900FB6880 /* Embed Frameworks */ = {
			isa = PBXCopyFilesBuildPhase;
			buildActionMask = 2147483647;
			dstPath = "";
			dstSubfolderSpec = 10;
			files = (
				EF833CBB2068DF7100FB6880 /* RFMentionTextView.framework in Embed Frameworks */,
			);
			name = "Embed Frameworks";
			runOnlyForDeploymentPostprocessing = 0;
		};
/* End PBXCopyFilesBuildPhase section */

/* Begin PBXFileReference section */
		EF833C872068DA8800FB6880 /* RFMentionDemo.app */ = {isa = PBXFileReference; explicitFileType = wrapper.application; includeInIndex = 0; path = RFMentionDemo.app; sourceTree = BUILT_PRODUCTS_DIR; };
		EF833C8A2068DA8800FB6880 /* AppDelegate.swift */ = {isa = PBXFileReference; lastKnownFileType = sourcecode.swift; path = AppDelegate.swift; sourceTree = "<group>"; };
		EF833C8C2068DA8800FB6880 /* ViewController.swift */ = {isa = PBXFileReference; lastKnownFileType = sourcecode.swift; path = ViewController.swift; sourceTree = "<group>"; };
		EF833C8F2068DA8800FB6880 /* Base */ = {isa = PBXFileReference; lastKnownFileType = file.storyboard; name = Base; path = Base.lproj/Main.storyboard; sourceTree = "<group>"; };
		EF833C912068DA8800FB6880 /* Assets.xcassets */ = {isa = PBXFileReference; lastKnownFileType = folder.assetcatalog; path = Assets.xcassets; sourceTree = "<group>"; };
		EF833C942068DA8800FB6880 /* Base */ = {isa = PBXFileReference; lastKnownFileType = file.storyboard; name = Base; path = Base.lproj/LaunchScreen.storyboard; sourceTree = "<group>"; };
		EF833C962068DA8800FB6880 /* Info.plist */ = {isa = PBXFileReference; lastKnownFileType = text.plist.xml; path = Info.plist; sourceTree = "<group>"; };
		EF833CB42068DF6400FB6880 /* RFMentionTextView.xcodeproj */ = {isa = PBXFileReference; lastKnownFileType = "wrapper.pb-project"; name = RFMentionTextView.xcodeproj; path = RFMentionTextView/RFMentionTextView.xcodeproj; sourceTree = SOURCE_ROOT; };
/* End PBXFileReference section */

/* Begin PBXFrameworksBuildPhase section */
		EF833C842068DA8800FB6880 /* Frameworks */ = {
			isa = PBXFrameworksBuildPhase;
			buildActionMask = 2147483647;
			files = (
				EF833CBA2068DF7100FB6880 /* RFMentionTextView.framework in Frameworks */,
			);
			runOnlyForDeploymentPostprocessing = 0;
		};
/* End PBXFrameworksBuildPhase section */

/* Begin PBXGroup section */
		EF833C7E2068DA8800FB6880 = {
			isa = PBXGroup;
			children = (
				EF833C892068DA8800FB6880 /* RFMentionDemo */,
				EF833C882068DA8800FB6880 /* Products */,
			);
			sourceTree = "<group>";
		};
		EF833C882068DA8800FB6880 /* Products */ = {
			isa = PBXGroup;
			children = (
				EF833C872068DA8800FB6880 /* RFMentionDemo.app */,
			);
			name = Products;
			sourceTree = "<group>";
		};
		EF833C892068DA8800FB6880 /* RFMentionDemo */ = {
			isa = PBXGroup;
			children = (
				EF833CB42068DF6400FB6880 /* RFMentionTextView.xcodeproj */,
				EF833C8A2068DA8800FB6880 /* AppDelegate.swift */,
				EF833C8C2068DA8800FB6880 /* ViewController.swift */,
				EF833C8E2068DA8800FB6880 /* Main.storyboard */,
				EF833C912068DA8800FB6880 /* Assets.xcassets */,
				EF833C932068DA8800FB6880 /* LaunchScreen.storyboard */,
				EF833C962068DA8800FB6880 /* Info.plist */,
			);
			path = RFMentionDemo;
			sourceTree = "<group>";
		};
		EF833CB52068DF6400FB6880 /* Products */ = {
			isa = PBXGroup;
			children = (
				EF833CB92068DF6400FB6880 /* RFMentionTextView.framework */,
			);
			name = Products;
			sourceTree = "<group>";
		};
/* End PBXGroup section */

/* Begin PBXNativeTarget section */
		EF833C862068DA8800FB6880 /* RFMentionDemo */ = {
			isa = PBXNativeTarget;
			buildConfigurationList = EF833C992068DA8800FB6880 /* Build configuration list for PBXNativeTarget "RFMentionDemo" */;
			buildPhases = (
				EF833C832068DA8800FB6880 /* Sources */,
				EF833C842068DA8800FB6880 /* Frameworks */,
				EF833C852068DA8800FB6880 /* Resources */,
				EF833CA92068DAE900FB6880 /* Embed Frameworks */,
			);
			buildRules = (
			);
			dependencies = (
				EF833CBD2068DF7100FB6880 /* PBXTargetDependency */,
			);
			name = RFMentionDemo;
			productName = RFMentionDemo;
			productReference = EF833C872068DA8800FB6880 /* RFMentionDemo.app */;
			productType = "com.apple.product-type.application";
		};
/* End PBXNativeTarget section */

/* Begin PBXProject section */
		EF833C7F2068DA8800FB6880 /* Project object */ = {
			isa = PBXProject;
			attributes = {
				LastSwiftUpdateCheck = 0900;
				LastUpgradeCheck = 0900;
				ORGANIZATIONNAME = Ripatto;
				TargetAttributes = {
					EF833C862068DA8800FB6880 = {
						CreatedOnToolsVersion = 9.0;
						ProvisioningStyle = Automatic;
					};
				};
			};
			buildConfigurationList = EF833C822068DA8800FB6880 /* Build configuration list for PBXProject "RFMentionDemo" */;
			compatibilityVersion = "Xcode 8.0";
			developmentRegion = en;
			hasScannedForEncodings = 0;
			knownRegions = (
				en,
				Base,
			);
			mainGroup = EF833C7E2068DA8800FB6880;
			productRefGroup = EF833C882068DA8800FB6880 /* Products */;
			projectDirPath = "";
			projectReferences = (
				{
					ProductGroup = EF833CB52068DF6400FB6880 /* Products */;
					ProjectRef = EF833CB42068DF6400FB6880 /* RFMentionTextView.xcodeproj */;
				},
			);
			projectRoot = "";
			targets = (
				EF833C862068DA8800FB6880 /* RFMentionDemo */,
			);
		};
/* End PBXProject section */

/* Begin PBXReferenceProxy section */
		EF833CB92068DF6400FB6880 /* RFMentionTextView.framework */ = {
			isa = PBXReferenceProxy;
			fileType = wrapper.framework;
			path = RFMentionTextView.framework;
			remoteRef = EF833CB82068DF6400FB6880 /* PBXContainerItemProxy */;
			sourceTree = BUILT_PRODUCTS_DIR;
		};
/* End PBXReferenceProxy section */

/* Begin PBXResourcesBuildPhase section */
		EF833C852068DA8800FB6880 /* Resources */ = {
			isa = PBXResourcesBuildPhase;
			buildActionMask = 2147483647;
			files = (
				EF833C952068DA8800FB6880 /* LaunchScreen.storyboard in Resources */,
				EF833C922068DA8800FB6880 /* Assets.xcassets in Resources */,
				EF833C902068DA8800FB6880 /* Main.storyboard in Resources */,
			);
			runOnlyForDeploymentPostprocessing = 0;
		};
/* End PBXResourcesBuildPhase section */

/* Begin PBXSourcesBuildPhase section */
		EF833C832068DA8800FB6880 /* Sources */ = {
			isa = PBXSourcesBuildPhase;
			buildActionMask = 2147483647;
			files = (
				EF833C8D2068DA8800FB6880 /* ViewController.swift in Sources */,
				EF833C8B2068DA8800FB6880 /* AppDelegate.swift in Sources */,
			);
			runOnlyForDeploymentPostprocessing = 0;
		};
/* End PBXSourcesBuildPhase section */

/* Begin PBXTargetDependency section */
		EF833CBD2068DF7100FB6880 /* PBXTargetDependency */ = {
			isa = PBXTargetDependency;
			name = RFMentionTextView;
			targetProxy = EF833CBC2068DF7100FB6880 /* PBXContainerItemProxy */;
		};
/* End PBXTargetDependency section */

/* Begin PBXVariantGroup section */
		EF833C8E2068DA8800FB6880 /* Main.storyboard */ = {
			isa = PBXVariantGroup;
			children = (
				EF833C8F2068DA8800FB6880 /* Base */,
			);
			name = Main.storyboard;
			sourceTree = "<group>";
		};
		EF833C932068DA8800FB6880 /* LaunchScreen.storyboard */ = {
			isa = PBXVariantGroup;
			children = (
				EF833C942068DA8800FB6880 /* Base */,
			);
			name = LaunchScreen.storyboard;
			sourceTree = "<group>";
		};
/* End PBXVariantGroup section */

/* Begin XCBuildConfiguration section */
		EF833C972068DA8800FB6880 /* Debug */ = {
			isa = XCBuildConfiguration;
			buildSettings = {
				ALWAYS_SEARCH_USER_PATHS = NO;
				CLANG_ANALYZER_NONNULL = YES;
				CLANG_ANALYZER_NUMBER_OBJECT_CONVERSION = YES_AGGRESSIVE;
				CLANG_CXX_LANGUAGE_STANDARD = "gnu++14";
				CLANG_CXX_LIBRARY = "libc++";
				CLANG_ENABLE_MODULES = YES;
				CLANG_ENABLE_OBJC_ARC = YES;
				CLANG_WARN_BLOCK_CAPTURE_AUTORELEASING = YES;
				CLANG_WARN_BOOL_CONVERSION = YES;
				CLANG_WARN_COMMA = YES;
				CLANG_WARN_CONSTANT_CONVERSION = YES;
				CLANG_WARN_DIRECT_OBJC_ISA_USAGE = YES_ERROR;
				CLANG_WARN_DOCUMENTATION_COMMENTS = YES;
				CLANG_WARN_EMPTY_BODY = YES;
				CLANG_WARN_ENUM_CONVERSION = YES;
				CLANG_WARN_INFINITE_RECURSION = YES;
				CLANG_WARN_INT_CONVERSION = YES;
				CLANG_WARN_NON_LITERAL_NULL_CONVERSION = YES;
				CLANG_WARN_OBJC_LITERAL_CONVERSION = YES;
				CLANG_WARN_OBJC_ROOT_CLASS = YES_ERROR;
				CLANG_WARN_RANGE_LOOP_ANALYSIS = YES;
				CLANG_WARN_STRICT_PROTOTYPES = YES;
				CLANG_WARN_SUSPICIOUS_MOVE = YES;
				CLANG_WARN_UNGUARDED_AVAILABILITY = YES_AGGRESSIVE;
				CLANG_WARN_UNREACHABLE_CODE = YES;
				CLANG_WARN__DUPLICATE_METHOD_MATCH = YES;
				CODE_SIGN_IDENTITY = "iPhone Developer";
				COPY_PHASE_STRIP = NO;
				DEBUG_INFORMATION_FORMAT = dwarf;
				ENABLE_STRICT_OBJC_MSGSEND = YES;
				ENABLE_TESTABILITY = YES;
				GCC_C_LANGUAGE_STANDARD = gnu11;
				GCC_DYNAMIC_NO_PIC = NO;
				GCC_NO_COMMON_BLOCKS = YES;
				GCC_OPTIMIZATION_LEVEL = 0;
				GCC_PREPROCESSOR_DEFINITIONS = (
					"DEBUG=1",
					"$(inherited)",
				);
				GCC_WARN_64_TO_32_BIT_CONVERSION = YES;
				GCC_WARN_ABOUT_RETURN_TYPE = YES_ERROR;
				GCC_WARN_UNDECLARED_SELECTOR = YES;
				GCC_WARN_UNINITIALIZED_AUTOS = YES_AGGRESSIVE;
				GCC_WARN_UNUSED_FUNCTION = YES;
				GCC_WARN_UNUSED_VARIABLE = YES;
				IPHONEOS_DEPLOYMENT_TARGET = 11.0;
				MTL_ENABLE_DEBUG_INFO = YES;
				ONLY_ACTIVE_ARCH = YES;
				SDKROOT = iphoneos;
				SWIFT_ACTIVE_COMPILATION_CONDITIONS = DEBUG;
				SWIFT_OPTIMIZATION_LEVEL = "-Onone";
			};
			name = Debug;
		};
		EF833C982068DA8800FB6880 /* Release */ = {
			isa = XCBuildConfiguration;
			buildSettings = {
				ALWAYS_SEARCH_USER_PATHS = NO;
				CLANG_ANALYZER_NONNULL = YES;
				CLANG_ANALYZER_NUMBER_OBJECT_CONVERSION = YES_AGGRESSIVE;
				CLANG_CXX_LANGUAGE_STANDARD = "gnu++14";
				CLANG_CXX_LIBRARY = "libc++";
				CLANG_ENABLE_MODULES = YES;
				CLANG_ENABLE_OBJC_ARC = YES;
				CLANG_WARN_BLOCK_CAPTURE_AUTORELEASING = YES;
				CLANG_WARN_BOOL_CONVERSION = YES;
				CLANG_WARN_COMMA = YES;
				CLANG_WARN_CONSTANT_CONVERSION = YES;
				CLANG_WARN_DIRECT_OBJC_ISA_USAGE = YES_ERROR;
				CLANG_WARN_DOCUMENTATION_COMMENTS = YES;
				CLANG_WARN_EMPTY_BODY = YES;
				CLANG_WARN_ENUM_CONVERSION = YES;
				CLANG_WARN_INFINITE_RECURSION = YES;
				CLANG_WARN_INT_CONVERSION = YES;
				CLANG_WARN_NON_LITERAL_NULL_CONVERSION = YES;
				CLANG_WARN_OBJC_LITERAL_CONVERSION = YES;
				CLANG_WARN_OBJC_ROOT_CLASS = YES_ERROR;
				CLANG_WARN_RANGE_LOOP_ANALYSIS = YES;
				CLANG_WARN_STRICT_PROTOTYPES = YES;
				CLANG_WARN_SUSPICIOUS_MOVE = YES;
				CLANG_WARN_UNGUARDED_AVAILABILITY = YES_AGGRESSIVE;
				CLANG_WARN_UNREACHABLE_CODE = YES;
				CLANG_WARN__DUPLICATE_METHOD_MATCH = YES;
				CODE_SIGN_IDENTITY = "iPhone Developer";
				COPY_PHASE_STRIP = NO;
				DEBUG_INFORMATION_FORMAT = "dwarf-with-dsym";
				ENABLE_NS_ASSERTIONS = NO;
				ENABLE_STRICT_OBJC_MSGSEND = YES;
				GCC_C_LANGUAGE_STANDARD = gnu11;
				GCC_NO_COMMON_BLOCKS = YES;
				GCC_WARN_64_TO_32_BIT_CONVERSION = YES;
				GCC_WARN_ABOUT_RETURN_TYPE = YES_ERROR;
				GCC_WARN_UNDECLARED_SELECTOR = YES;
				GCC_WARN_UNINITIALIZED_AUTOS = YES_AGGRESSIVE;
				GCC_WARN_UNUSED_FUNCTION = YES;
				GCC_WARN_UNUSED_VARIABLE = YES;
				IPHONEOS_DEPLOYMENT_TARGET = 11.0;
				MTL_ENABLE_DEBUG_INFO = NO;
				SDKROOT = iphoneos;
				SWIFT_OPTIMIZATION_LEVEL = "-Owholemodule";
				VALIDATE_PRODUCT = YES;
			};
			name = Release;
		};
		EF833C9A2068DA8800FB6880 /* Debug */ = {
			isa = XCBuildConfiguration;
			buildSettings = {
				ALWAYS_EMBED_SWIFT_STANDARD_LIBRARIES = YES;
				ASSETCATALOG_COMPILER_APPICON_NAME = AppIcon;
				CODE_SIGN_STYLE = Automatic;
				DEVELOPMENT_TEAM = HCGGN7Z8PZ;
				INFOPLIST_FILE = RFMentionDemo/Info.plist;
				LD_RUNPATH_SEARCH_PATHS = "$(inherited) @executable_path/Frameworks";
				PRODUCT_BUNDLE_IDENTIFIER = com.ripaatto.RFMentionDemo;
				PRODUCT_NAME = "$(TARGET_NAME)";
				SWIFT_VERSION = 4.0;
				TARGETED_DEVICE_FAMILY = "1,2";
			};
			name = Debug;
		};
		EF833C9B2068DA8800FB6880 /* Release */ = {
			isa = XCBuildConfiguration;
			buildSettings = {
				ALWAYS_EMBED_SWIFT_STANDARD_LIBRARIES = YES;
				ASSETCATALOG_COMPILER_APPICON_NAME = AppIcon;
				CODE_SIGN_STYLE = Automatic;
				DEVELOPMENT_TEAM = HCGGN7Z8PZ;
				INFOPLIST_FILE = RFMentionDemo/Info.plist;
				LD_RUNPATH_SEARCH_PATHS = "$(inherited) @executable_path/Frameworks";
				PRODUCT_BUNDLE_IDENTIFIER = com.ripaatto.RFMentionDemo;
				PRODUCT_NAME = "$(TARGET_NAME)";
				SWIFT_VERSION = 4.0;
				TARGETED_DEVICE_FAMILY = "1,2";
			};
			name = Release;
		};
/* End XCBuildConfiguration section */

/* Begin XCConfigurationList section */
		EF833C822068DA8800FB6880 /* Build configuration list for PBXProject "RFMentionDemo" */ = {
			isa = XCConfigurationList;
			buildConfigurations = (
				EF833C972068DA8800FB6880 /* Debug */,
				EF833C982068DA8800FB6880 /* Release */,
			);
			defaultConfigurationIsVisible = 0;
			defaultConfigurationName = Release;
		};
		EF833C992068DA8800FB6880 /* Build configuration list for PBXNativeTarget "RFMentionDemo" */ = {
			isa = XCConfigurationList;
			buildConfigurations = (
				EF833C9A2068DA8800FB6880 /* Debug */,
				EF833C9B2068DA8800FB6880 /* Release */,
			);
			defaultConfigurationIsVisible = 0;
			defaultConfigurationName = Release;
		};
/* End XCConfigurationList section */
	};
	rootObject = EF833C7F2068DA8800FB6880 /* Project object */;
}
